
Microsoft Visual Studio Solution File, Format Version 12.00
# Visual Studio Version 17
VisualStudioVersion = 17.14.36414.22
MinimumVisualStudioVersion = 10.0.40219.1
Project("{FAE04EC0-301F-11D3-BF4B-00C04F79EFBC}") = "Domain", "Domain\Domain.csproj", "{671CD2DB-6EC7-420F-AB3B-DAA8D85CB35D}"
EndProject
Project("{FAE04EC0-301F-11D3-BF4B-00C04F79EFBC}") = "Data", "Data\Data.csproj", "{27AE4C6C-AEC4-4788-B427-8F7CFD113CA6}"
EndProject
Project("{FAE04EC0-301F-11D3-BF4B-00C04F79EFBC}") = "WebAPI", "WebAPI\WebAPI.csproj", "{C85E3CAE-6DAA-4E37-91F9-A6B57E7B9C6E}"
EndProject
Global
	GlobalSection(SolutionConfigurationPlatforms) = preSolution
		Debug|Any CPU = Debug|Any CPU
		Release|Any CPU = Release|Any CPU
	EndGlobalSection
	GlobalSection(ProjectConfigurationPlatforms) = postSolution
		{671CD2DB-6EC7-420F-AB3B-DAA8D85CB35D}.Debug|Any CPU.ActiveCfg = Debug|Any CPU
		{671CD2DB-6EC7-420F-AB3B-DAA8D85CB35D}.Debug|Any CPU.Build.0 = Debug|Any CPU
		{671CD2DB-6EC7-420F-AB3B-DAA8D85CB35D}.Release|Any CPU.ActiveCfg = Release|Any CPU
		{671CD2DB-6EC7-420F-AB3B-DAA8D85CB35D}.Release|Any CPU.Build.0 = Release|Any CPU
		{27AE4C6C-AEC4-4788-B427-8F7CFD113CA6}.Debug|Any CPU.ActiveCfg = Debug|Any CPU
		{27AE4C6C-AEC4-4788-B427-8F7CFD113CA6}.Debug|Any CPU.Build.0 = Debug|Any CPU
		{27AE4C6C-AEC4-4788-B427-8F7CFD113CA6}.Release|Any CPU.ActiveCfg = Release|Any CPU
		{27AE4C6C-AEC4-4788-B427-8F7CFD113CA6}.Release|Any CPU.Build.0 = Release|Any CPU
		{C85E3CAE-6DAA-4E37-91F9-A6B57E7B9C6E}.Debug|Any CPU.ActiveCfg = Debug|Any CPU
		{C85E3CAE-6DAA-4E37-91F9-A6B57E7B9C6E}.Debug|Any CPU.Build.0 = Debug|Any CPU
		{C85E3CAE-6DAA-4E37-91F9-A6B57E7B9C6E}.Release|Any CPU.ActiveCfg = Release|Any CPU
		{C85E3CAE-6DAA-4E37-91F9-A6B57E7B9C6E}.Release|Any CPU.Build.0 = Release|Any CPU
	EndGlobalSection
	GlobalSection(SolutionProperties) = preSolution
		HideSolutionNode = FALSE
	EndGlobalSection
	GlobalSection(ExtensibilityGlobals) = postSolution
		SolutionGuid = {0BFF953A-CF50-4DB3-BF59-D3FDC8454300}
	EndGlobalSection
EndGlobal
